// !$*UTF8*$!
{
	archiveVersion = 1;
	classes = {
	};
	objectVersion = 46;
	objects = {

/* Begin PBXBuildFile section */
		C0D8A3C11F571A0200A204C7 /* main.m in Sources */ = {isa = PBXBuildFile; fileRef = C0D8A3C01F571A0200A204C7 /* main.m */; };
		C0D8A3C41F571A0200A204C7 /* AppDelegate.m in Sources */ = {isa = PBXBuildFile; fileRef = C0D8A3C31F571A0200A204C7 /* AppDelegate.m */; };
		C0D8A3C71F571A0200A204C7 /* ViewController.m in Sources */ = {isa = PBXBuildFile; fileRef = C0D8A3C61F571A0200A204C7 /* ViewController.m */; };
		C0D8A3CA1F571A0200A204C7 /* Main.storyboard in Resources */ = {isa = PBXBuildFile; fileRef = C0D8A3C81F571A0200A204C7 /* Main.storyboard */; };
		C0D8A3CC1F571A0200A204C7 /* Assets.xcassets in Resources */ = {isa = PBXBuildFile; fileRef = C0D8A3CB1F571A0200A204C7 /* Assets.xcassets */; };
		C0D8A3CF1F571A0200A204C7 /* LaunchScreen.storyboard in Resources */ = {isa = PBXBuildFile; fileRef = C0D8A3CD1F571A0200A204C7 /* LaunchScreen.storyboard */; };
		C0D8A3DA1F571A0200A204C7 /* AssignmentOneTests.m in Sources */ = {isa = PBXBuildFile; fileRef = C0D8A3D91F571A0200A204C7 /* AssignmentOneTests.m */; };
		C0D8A3E51F571A0200A204C7 /* AssignmentOneUITests.m in Sources */ = {isa = PBXBuildFile; fileRef = C0D8A3E41F571A0200A204C7 /* AssignmentOneUITests.m */; };
		C0D8A3F31F571AC600A204C7 /* GabrielStoryBoard.storyboard in Resources */ = {isa = PBXBuildFile; fileRef = C0D8A3F21F571AC600A204C7 /* GabrielStoryBoard.storyboard */; };
		C0D8A3F51F571AE100A204C7 /* PhadateStoryBoard.storyboard in Resources */ = {isa = PBXBuildFile; fileRef = C0D8A3F41F571AE100A204C7 /* PhadateStoryBoard.storyboard */; };
/* End PBXBuildFile section */

/* Begin PBXContainerItemProxy section */
		C0D8A3D61F571A0200A204C7 /* PBXContainerItemProxy */ = {
			isa = PBXContainerItemProxy;
			containerPortal = C0D8A3B41F571A0200A204C7 /* Project object */;
			proxyType = 1;
			remoteGlobalIDString = C0D8A3BB1F571A0200A204C7;
			remoteInfo = AssignmentOne;
		};
		C0D8A3E11F571A0200A204C7 /* PBXContainerItemProxy */ = {
			isa = PBXContainerItemProxy;
			containerPortal = C0D8A3B41F571A0200A204C7 /* Project object */;
			proxyType = 1;
			remoteGlobalIDString = C0D8A3BB1F571A0200A204C7;
			remoteInfo = AssignmentOne;
		};
/* End PBXContainerItemProxy section */

/* Begin PBXFileReference section */
		C0D8A3BC1F571A0200A204C7 /* AssignmentOne.app */ = {isa = PBXFileReference; explicitFileType = wrapper.application; includeInIndex = 0; path = AssignmentOne.app; sourceTree = BUILT_PRODUCTS_DIR; };
		C0D8A3C01F571A0200A204C7 /* main.m */ = {isa = PBXFileReference; lastKnownFileType = sourcecode.c.objc; path = main.m; sourceTree = "<group>"; };
		C0D8A3C21F571A0200A204C7 /* AppDelegate.h */ = {isa = PBXFileReference; lastKnownFileType = sourcecode.c.h; path = AppDelegate.h; sourceTree = "<group>"; };
		C0D8A3C31F571A0200A204C7 /* AppDelegate.m */ = {isa = PBXFileReference; lastKnownFileType = sourcecode.c.objc; path = AppDelegate.m; sourceTree = "<group>"; };
		C0D8A3C51F571A0200A204C7 /* ViewController.h */ = {isa = PBXFileReference; lastKnownFileType = sourcecode.c.h; path = ViewController.h; sourceTree = "<group>"; };
		C0D8A3C61F571A0200A204C7 /* ViewController.m */ = {isa = PBXFileReference; lastKnownFileType = sourcecode.c.objc; path = ViewController.m; sourceTree = "<group>"; };
		C0D8A3C91F571A0200A204C7 /* Base */ = {isa = PBXFileReference; lastKnownFileType = file.storyboard; name = Base; path = Base.lproj/Main.storyboard; sourceTree = "<group>"; };
		C0D8A3CB1F571A0200A204C7 /* Assets.xcassets */ = {isa = PBXFileReference; lastKnownFileType = folder.assetcatalog; path = Assets.xcassets; sourceTree = "<group>"; };
		C0D8A3CE1F571A0200A204C7 /* Base */ = {isa = PBXFileReference; lastKnownFileType = file.storyboard; name = Base; path = Base.lproj/LaunchScreen.storyboard; sourceTree = "<group>"; };
		C0D8A3D01F571A0200A204C7 /* Info.plist */ = {isa = PBXFileReference; lastKnownFileType = text.plist.xml; path = Info.plist; sourceTree = "<group>"; };
		C0D8A3D51F571A0200A204C7 /* AssignmentOneTests.xctest */ = {isa = PBXFileReference; explicitFileType = wrapper.cfbundle; includeInIndex = 0; path = AssignmentOneTests.xctest; sourceTree = BUILT_PRODUCTS_DIR; };
		C0D8A3D91F571A0200A204C7 /* AssignmentOneTests.m */ = {isa = PBXFileReference; lastKnownFileType = sourcecode.c.objc; path = AssignmentOneTests.m; sourceTree = "<group>"; };
		C0D8A3DB1F571A0200A204C7 /* Info.plist */ = {isa = PBXFileReference; lastKnownFileType = text.plist.xml; path = Info.plist; sourceTree = "<group>"; };
		C0D8A3E01F571A0200A204C7 /* AssignmentOneUITests.xctest */ = {isa = PBXFileReference; explicitFileType = wrapper.cfbundle; includeInIndex = 0; path = AssignmentOneUITests.xctest; sourceTree = BUILT_PRODUCTS_DIR; };
		C0D8A3E41F571A0200A204C7 /* AssignmentOneUITests.m */ = {isa = PBXFileReference; lastKnownFileType = sourcecode.c.objc; path = AssignmentOneUITests.m; sourceTree = "<group>"; };
		C0D8A3E61F571A0200A204C7 /* Info.plist */ = {isa = PBXFileReference; lastKnownFileType = text.plist.xml; path = Info.plist; sourceTree = "<group>"; };
		C0D8A3F21F571AC600A204C7 /* GabrielStoryBoard.storyboard */ = {isa = PBXFileReference; fileEncoding = 4; lastKnownFileType = file.storyboard; name = GabrielStoryBoard.storyboard; path = ../GabrielStoryBoard.storyboard; sourceTree = "<group>"; };
		C0D8A3F41F571AE100A204C7 /* PhadateStoryBoard.storyboard */ = {isa = PBXFileReference; fileEncoding = 4; lastKnownFileType = file.storyboard; name = PhadateStoryBoard.storyboard; path = ../PhadateStoryBoard.storyboard; sourceTree = "<group>"; };
/* End PBXFileReference section */

/* Begin PBXFrameworksBuildPhase section */
		C0D8A3B91F571A0200A204C7 /* Frameworks */ = {
			isa = PBXFrameworksBuildPhase;
			buildActionMask = 2147483647;
			files = (
			);
			runOnlyForDeploymentPostprocessing = 0;
		};
		C0D8A3D21F571A0200A204C7 /* Frameworks */ = {
			isa = PBXFrameworksBuildPhase;
			buildActionMask = 2147483647;
			files = (
			);
			runOnlyForDeploymentPostprocessing = 0;
		};
		C0D8A3DD1F571A0200A204C7 /* Frameworks */ = {
			isa = PBXFrameworksBuildPhase;
			buildActionMask = 2147483647;
			files = (
			);
			runOnlyForDeploymentPostprocessing = 0;
		};
/* End PBXFrameworksBuildPhase section */

/* Begin PBXGroup section */
		C0D8A3B31F571A0200A204C7 = {
			isa = PBXGroup;
			children = (
				C0D8A3BE1F571A0200A204C7 /* AssignmentOne */,
				C0D8A3D81F571A0200A204C7 /* AssignmentOneTests */,
				C0D8A3E31F571A0200A204C7 /* AssignmentOneUITests */,
				C0D8A3BD1F571A0200A204C7 /* Products */,
			);
			sourceTree = "<group>";
		};
		C0D8A3BD1F571A0200A204C7 /* Products */ = {
			isa = PBXGroup;
			children = (
				C0D8A3BC1F571A0200A204C7 /* AssignmentOne.app */,
				C0D8A3D51F571A0200A204C7 /* AssignmentOneTests.xctest */,
				C0D8A3E01F571A0200A204C7 /* AssignmentOneUITests.xctest */,
			);
			name = Products;
			sourceTree = "<group>";
		};
		C0D8A3BE1F571A0200A204C7 /* AssignmentOne */ = {
			isa = PBXGroup;
			children = (
				C0D8A3C21F571A0200A204C7 /* AppDelegate.h */,
				C0D8A3C31F571A0200A204C7 /* AppDelegate.m */,
				C0D8A3C51F571A0200A204C7 /* ViewController.h */,
				C0D8A3C61F571A0200A204C7 /* ViewController.m */,
				C0D8A3F41F571AE100A204C7 /* PhadateStoryBoard.storyboard */,
				C0D8A3F21F571AC600A204C7 /* GabrielStoryBoard.storyboard */,
				C0D8A3C81F571A0200A204C7 /* Main.storyboard */,
				C0D8A3CB1F571A0200A204C7 /* Assets.xcassets */,
				C0D8A3CD1F571A0200A204C7 /* LaunchScreen.storyboard */,
				C0D8A3D01F571A0200A204C7 /* Info.plist */,
				C0D8A3BF1F571A0200A204C7 /* Supporting Files */,
			);
			path = AssignmentOne;
			sourceTree = "<group>";
		};
		C0D8A3BF1F571A0200A204C7 /* Supporting Files */ = {
			isa = PBXGroup;
			children = (
				C0D8A3C01F571A0200A204C7 /* main.m */,
			);
			name = "Supporting Files";
			sourceTree = "<group>";
		};
		C0D8A3D81F571A0200A204C7 /* AssignmentOneTests */ = {
			isa = PBXGroup;
			children = (
				C0D8A3D91F571A0200A204C7 /* AssignmentOneTests.m */,
				C0D8A3DB1F571A0200A204C7 /* Info.plist */,
			);
			path = AssignmentOneTests;
			sourceTree = "<group>";
		};
		C0D8A3E31F571A0200A204C7 /* AssignmentOneUITests */ = {
			isa = PBXGroup;
			children = (
				C0D8A3E41F571A0200A204C7 /* AssignmentOneUITests.m */,
				C0D8A3E61F571A0200A204C7 /* Info.plist */,
			);
			path = AssignmentOneUITests;
			sourceTree = "<group>";
		};
/* End PBXGroup section */

/* Begin PBXNativeTarget section */
		C0D8A3BB1F571A0200A204C7 /* AssignmentOne */ = {
			isa = PBXNativeTarget;
			buildConfigurationList = C0D8A3E91F571A0200A204C7 /* Build configuration list for PBXNativeTarget "AssignmentOne" */;
			buildPhases = (
				C0D8A3B81F571A0200A204C7 /* Sources */,
				C0D8A3B91F571A0200A204C7 /* Frameworks */,
				C0D8A3BA1F571A0200A204C7 /* Resources */,
			);
			buildRules = (
			);
			dependencies = (
			);
			name = AssignmentOne;
			productName = AssignmentOne;
			productReference = C0D8A3BC1F571A0200A204C7 /* AssignmentOne.app */;
			productType = "com.apple.product-type.application";
		};
		C0D8A3D41F571A0200A204C7 /* AssignmentOneTests */ = {
			isa = PBXNativeTarget;
			buildConfigurationList = C0D8A3EC1F571A0200A204C7 /* Build configuration list for PBXNativeTarget "AssignmentOneTests" */;
			buildPhases = (
				C0D8A3D11F571A0200A204C7 /* Sources */,
				C0D8A3D21F571A0200A204C7 /* Frameworks */,
				C0D8A3D31F571A0200A204C7 /* Resources */,
			);
			buildRules = (
			);
			dependencies = (
				C0D8A3D71F571A0200A204C7 /* PBXTargetDependency */,
			);
			name = AssignmentOneTests;
			productName = AssignmentOneTests;
			productReference = C0D8A3D51F571A0200A204C7 /* AssignmentOneTests.xctest */;
			productType = "com.apple.product-type.bundle.unit-test";
		};
		C0D8A3DF1F571A0200A204C7 /* AssignmentOneUITests */ = {
			isa = PBXNativeTarget;
			buildConfigurationList = C0D8A3EF1F571A0200A204C7 /* Build configuration list for PBXNativeTarget "AssignmentOneUITests" */;
			buildPhases = (
				C0D8A3DC1F571A0200A204C7 /* Sources */,
				C0D8A3DD1F571A0200A204C7 /* Frameworks */,
				C0D8A3DE1F571A0200A204C7 /* Resources */,
			);
			buildRules = (
			);
			dependencies = (
				C0D8A3E21F571A0200A204C7 /* PBXTargetDependency */,
			);
			name = AssignmentOneUITests;
			productName = AssignmentOneUITests;
			productReference = C0D8A3E01F571A0200A204C7 /* AssignmentOneUITests.xctest */;
			productType = "com.apple.product-type.bundle.ui-testing";
		};
/* End PBXNativeTarget section */

/* Begin PBXProject section */
		C0D8A3B41F571A0200A204C7 /* Project object */ = {
			isa = PBXProject;
			attributes = {
				LastUpgradeCheck = 0830;
				ORGANIZATIONNAME = Leyva_Phadate;
				TargetAttributes = {
					C0D8A3BB1F571A0200A204C7 = {
						CreatedOnToolsVersion = 8.3.3;
						DevelopmentTeam = 54AV24VF28;
						ProvisioningStyle = Automatic;
					};
					C0D8A3D41F571A0200A204C7 = {
						CreatedOnToolsVersion = 8.3.3;
						DevelopmentTeam = 54AV24VF28;
						ProvisioningStyle = Automatic;
						TestTargetID = C0D8A3BB1F571A0200A204C7;
					};
					C0D8A3DF1F571A0200A204C7 = {
						CreatedOnToolsVersion = 8.3.3;
						DevelopmentTeam = 54AV24VF28;
						ProvisioningStyle = Automatic;
						TestTargetID = C0D8A3BB1F571A0200A204C7;
					};
				};
			};
			buildConfigurationList = C0D8A3B71F571A0200A204C7 /* Build configuration list for PBXProject "AssignmentOne" */;
			compatibilityVersion = "Xcode 3.2";
			developmentRegion = English;
			hasScannedForEncodings = 0;
			knownRegions = (
				en,
				Base,
			);
			mainGroup = C0D8A3B31F571A0200A204C7;
			productRefGroup = C0D8A3BD1F571A0200A204C7 /* Products */;
			projectDirPath = "";
			projectRoot = "";
			targets = (
				C0D8A3BB1F571A0200A204C7 /* AssignmentOne */,
				C0D8A3D41F571A0200A204C7 /* AssignmentOneTests */,
				C0D8A3DF1F571A0200A204C7 /* AssignmentOneUITests */,
			);
		};
/* End PBXProject section */

/* Begin PBXResourcesBuildPhase section */
		C0D8A3BA1F571A0200A204C7 /* Resources */ = {
			isa = PBXResourcesBuildPhase;
			buildActionMask = 2147483647;
			files = (
				C0D8A3CF1F571A0200A204C7 /* LaunchScreen.storyboard in Resources */,
				C0D8A3F51F571AE100A204C7 /* PhadateStoryBoard.storyboard in Resources */,
				C0D8A3CC1F571A0200A204C7 /* Assets.xcassets in Resources */,
				C0D8A3F31F571AC600A204C7 /* GabrielStoryBoard.storyboard in Resources */,
				C0D8A3CA1F571A0200A204C7 /* Main.storyboard in Resources */,
			);
			runOnlyForDeploymentPostprocessing = 0;
		};
		C0D8A3D31F571A0200A204C7 /* Resources */ = {
			isa = PBXResourcesBuildPhase;
			buildActionMask = 2147483647;
			files = (
			);
			runOnlyForDeploymentPostprocessing = 0;
		};
		C0D8A3DE1F571A0200A204C7 /* Resources */ = {
			isa = PBXResourcesBuildPhase;
			buildActionMask = 2147483647;
			files = (
			);
			runOnlyForDeploymentPostprocessing = 0;
		};
/* End PBXResourcesBuildPhase section */

/* Begin PBXSourcesBuildPhase section */
		C0D8A3B81F571A0200A204C7 /* Sources */ = {
			isa = PBXSourcesBuildPhase;
			buildActionMask = 2147483647;
			files = (
				C0D8A3C71F571A0200A204C7 /* ViewController.m in Sources */,
				C0D8A3C41F571A0200A204C7 /* AppDelegate.m in Sources */,
				C0D8A3C11F571A0200A204C7 /* main.m in Sources */,
			);
			runOnlyForDeploymentPostprocessing = 0;
		};
		C0D8A3D11F571A0200A204C7 /* Sources */ = {
			isa = PBXSourcesBuildPhase;
			buildActionMask = 2147483647;
			files = (
				C0D8A3DA1F571A0200A204C7 /* AssignmentOneTests.m in Sources */,
			);
			runOnlyForDeploymentPostprocessing = 0;
		};
		C0D8A3DC1F571A0200A204C7 /* Sources */ = {
			isa = PBXSourcesBuildPhase;
			buildActionMask = 2147483647;
			files = (
				C0D8A3E51F571A0200A204C7 /* AssignmentOneUITests.m in Sources */,
			);
			runOnlyForDeploymentPostprocessing = 0;
		};
/* End PBXSourcesBuildPhase section */

/* Begin PBXTargetDependency section */
		C0D8A3D71F571A0200A204C7 /* PBXTargetDependency */ = {
			isa = PBXTargetDependency;
			target = C0D8A3BB1F571A0200A204C7 /* AssignmentOne */;
			targetProxy = C0D8A3D61F571A0200A204C7 /* PBXContainerItemProxy */;
		};
		C0D8A3E21F571A0200A204C7 /* PBXTargetDependency */ = {
			isa = PBXTargetDependency;
			target = C0D8A3BB1F571A0200A204C7 /* AssignmentOne */;
			targetProxy = C0D8A3E11F571A0200A204C7 /* PBXContainerItemProxy */;
		};
/* End PBXTargetDependency section */

/* Begin PBXVariantGroup section */
		C0D8A3C81F571A0200A204C7 /* Main.storyboard */ = {
			isa = PBXVariantGroup;
			children = (
				C0D8A3C91F571A0200A204C7 /* Base */,
			);
			name = Main.storyboard;
			sourceTree = "<group>";
		};
		C0D8A3CD1F571A0200A204C7 /* LaunchScreen.storyboard */ = {
			isa = PBXVariantGroup;
			children = (
				C0D8A3CE1F571A0200A204C7 /* Base */,
			);
			name = LaunchScreen.storyboard;
			sourceTree = "<group>";
		};
/* End PBXVariantGroup section */

/* Begin XCBuildConfiguration section */
		C0D8A3E71F571A0200A204C7 /* Debug */ = {
			isa = XCBuildConfiguration;
			buildSettings = {
				ALWAYS_SEARCH_USER_PATHS = NO;
				CLANG_ANALYZER_NONNULL = YES;
				CLANG_ANALYZER_NUMBER_OBJECT_CONVERSION = YES_AGGRESSIVE;
				CLANG_CXX_LANGUAGE_STANDARD = "gnu++0x";
				CLANG_CXX_LIBRARY = "libc++";
				CLANG_ENABLE_MODULES = YES;
				CLANG_ENABLE_OBJC_ARC = YES;
				CLANG_WARN_BOOL_CONVERSION = YES;
				CLANG_WARN_CONSTANT_CONVERSION = YES;
				CLANG_WARN_DIRECT_OBJC_ISA_USAGE = YES_ERROR;
				CLANG_WARN_DOCUMENTATION_COMMENTS = YES;
				CLANG_WARN_EMPTY_BODY = YES;
				CLANG_WARN_ENUM_CONVERSION = YES;
				CLANG_WARN_INFINITE_RECURSION = YES;
				CLANG_WARN_INT_CONVERSION = YES;
				CLANG_WARN_OBJC_ROOT_CLASS = YES_ERROR;
				CLANG_WARN_SUSPICIOUS_MOVE = YES;
				CLANG_WARN_UNREACHABLE_CODE = YES;
				CLANG_WARN__DUPLICATE_METHOD_MATCH = YES;
				"CODE_SIGN_IDENTITY[sdk=iphoneos*]" = "iPhone Developer";
				COPY_PHASE_STRIP = NO;
				DEBUG_INFORMATION_FORMAT = dwarf;
				ENABLE_STRICT_OBJC_MSGSEND = YES;
				ENABLE_TESTABILITY = YES;
				GCC_C_LANGUAGE_STANDARD = gnu99;
				GCC_DYNAMIC_NO_PIC = NO;
				GCC_NO_COMMON_BLOCKS = YES;
				GCC_OPTIMIZATION_LEVEL = 0;
				GCC_PREPROCESSOR_DEFINITIONS = (
					"DEBUG=1",
					"$(inherited)",
				);
				GCC_WARN_64_TO_32_BIT_CONVERSION = YES;
				GCC_WARN_ABOUT_RETURN_TYPE = YES_ERROR;
				GCC_WARN_UNDECLARED_SELECTOR = YES;
				GCC_WARN_UNINITIALIZED_AUTOS = YES_AGGRESSIVE;
				GCC_WARN_UNUSED_FUNCTION = YES;
				GCC_WARN_UNUSED_VARIABLE = YES;
				IPHONEOS_DEPLOYMENT_TARGET = 10.3;
				MTL_ENABLE_DEBUG_INFO = YES;
				ONLY_ACTIVE_ARCH = YES;
				SDKROOT = iphoneos;
			};
			name = Debug;
		};
		C0D8A3E81F571A0200A204C7 /* Release */ = {
			isa = XCBuildConfiguration;
			buildSettings = {
				ALWAYS_SEARCH_USER_PATHS = NO;
				CLANG_ANALYZER_NONNULL = YES;
				CLANG_ANALYZER_NUMBER_OBJECT_CONVERSION = YES_AGGRESSIVE;
				CLANG_CXX_LANGUAGE_STANDARD = "gnu++0x";
				CLANG_CXX_LIBRARY = "libc++";
				CLANG_ENABLE_MODULES = YES;
				CLANG_ENABLE_OBJC_ARC = YES;
				CLANG_WARN_BOOL_CONVERSION = YES;
				CLANG_WARN_CONSTANT_CONVERSION = YES;
				CLANG_WARN_DIRECT_OBJC_ISA_USAGE = YES_ERROR;
				CLANG_WARN_DOCUMENTATION_COMMENTS = YES;
				CLANG_WARN_EMPTY_BODY = YES;
				CLANG_WARN_ENUM_CONVERSION = YES;
				CLANG_WARN_INFINITE_RECURSION = YES;
				CLANG_WARN_INT_CONVERSION = YES;
				CLANG_WARN_OBJC_ROOT_CLASS = YES_ERROR;
				CLANG_WARN_SUSPICIOUS_MOVE = YES;
				CLANG_WARN_UNREACHABLE_CODE = YES;
				CLANG_WARN__DUPLICATE_METHOD_MATCH = YES;
				"CODE_SIGN_IDENTITY[sdk=iphoneos*]" = "iPhone Developer";
				COPY_PHASE_STRIP = NO;
				DEBUG_INFORMATION_FORMAT = "dwarf-with-dsym";
				ENABLE_NS_ASSERTIONS = NO;
				ENABLE_STRICT_OBJC_MSGSEND = YES;
				GCC_C_LANGUAGE_STANDARD = gnu99;
				GCC_NO_COMMON_BLOCKS = YES;
				GCC_WARN_64_TO_32_BIT_CONVERSION = YES;
				GCC_WARN_ABOUT_RETURN_TYPE = YES_ERROR;
				GCC_WARN_UNDECLARED_SELECTOR = YES;
				GCC_WARN_UNINITIALIZED_AUTOS = YES_AGGRESSIVE;
				GCC_WARN_UNUSED_FUNCTION = YES;
				GCC_WARN_UNUSED_VARIABLE = YES;
				IPHONEOS_DEPLOYMENT_TARGET = 10.3;
				MTL_ENABLE_DEBUG_INFO = NO;
				SDKROOT = iphoneos;
				VALIDATE_PRODUCT = YES;
			};
			name = Release;
		};
		C0D8A3EA1F571A0200A204C7 /* Debug */ = {
			isa = XCBuildConfiguration;
			buildSettings = {
				ASSETCATALOG_COMPILER_APPICON_NAME = AppIcon;
				DEVELOPMENT_TEAM = 54AV24VF28;
				INFOPLIST_FILE = AssignmentOne/Info.plist;
				LD_RUNPATH_SEARCH_PATHS = "$(inherited) @executable_path/Frameworks";
				PRODUCT_BUNDLE_IDENTIFIER = com.LeyvaPhadate.AssignmentOne;
				PRODUCT_NAME = "$(TARGET_NAME)";
			};
			name = Debug;
		};
		C0D8A3EB1F571A0200A204C7 /* Release */ = {
			isa = XCBuildConfiguration;
			buildSettings = {
				ASSETCATALOG_COMPILER_APPICON_NAME = AppIcon;
				DEVELOPMENT_TEAM = 54AV24VF28;
				INFOPLIST_FILE = AssignmentOne/Info.plist;
				LD_RUNPATH_SEARCH_PATHS = "$(inherited) @executable_path/Frameworks";
				PRODUCT_BUNDLE_IDENTIFIER = com.LeyvaPhadate.AssignmentOne;
				PRODUCT_NAME = "$(TARGET_NAME)";
			};
			name = Release;
		};
		C0D8A3ED1F571A0200A204C7 /* Debug */ = {
			isa = XCBuildConfiguration;
			buildSettings = {
				BUNDLE_LOADER = "$(TEST_HOST)";
				DEVELOPMENT_TEAM = 54AV24VF28;
				INFOPLIST_FILE = AssignmentOneTests/Info.plist;
				LD_RUNPATH_SEARCH_PATHS = "$(inherited) @executable_path/Frameworks @loader_path/Frameworks";
				PRODUCT_BUNDLE_IDENTIFIER = com.LeyvaPhadate.AssignmentOneTests;
				PRODUCT_NAME = "$(TARGET_NAME)";
				TEST_HOST = "$(BUILT_PRODUCTS_DIR)/AssignmentOne.app/AssignmentOne";
			};
			name = Debug;
		};
		C0D8A3EE1F571A0200A204C7 /* Release */ = {
			isa = XCBuildConfiguration;
			buildSettings = {
				BUNDLE_LOADER = "$(TEST_HOST)";
				DEVELOPMENT_TEAM = 54AV24VF28;
				INFOPLIST_FILE = AssignmentOneTests/Info.plist;
				LD_RUNPATH_SEARCH_PATHS = "$(inherited) @executable_path/Frameworks @loader_path/Frameworks";
				PRODUCT_BUNDLE_IDENTIFIER = com.LeyvaPhadate.AssignmentOneTests;
				PRODUCT_NAME = "$(TARGET_NAME)";
				TEST_HOST = "$(BUILT_PRODUCTS_DIR)/AssignmentOne.app/AssignmentOne";
			};
			name = Release;
		};
		C0D8A3F01F571A0200A204C7 /* Debug */ = {
			isa = XCBuildConfiguration;
			buildSettings = {
				DEVELOPMENT_TEAM = 54AV24VF28;
				INFOPLIST_FILE = AssignmentOneUITests/Info.plist;
				LD_RUNPATH_SEARCH_PATHS = "$(inherited) @executable_path/Frameworks @loader_path/Frameworks";
				PRODUCT_BUNDLE_IDENTIFIER = com.LeyvaPhadate.AssignmentOneUITests;
				PRODUCT_NAME = "$(TARGET_NAME)";
				TEST_TARGET_NAME = AssignmentOne;
			};
			name = Debug;
		};
		C0D8A3F11F571A0200A204C7 /* Release */ = {
			isa = XCBuildConfiguration;
			buildSettings = {
				DEVELOPMENT_TEAM = 54AV24VF28;
				INFOPLIST_FILE = AssignmentOneUITests/Info.plist;
				LD_RUNPATH_SEARCH_PATHS = "$(inherited) @executable_path/Frameworks @loader_path/Frameworks";
				PRODUCT_BUNDLE_IDENTIFIER = com.LeyvaPhadate.AssignmentOneUITests;
				PRODUCT_NAME = "$(TARGET_NAME)";
				TEST_TARGET_NAME = AssignmentOne;
			};
			name = Release;
		};
/* End XCBuildConfiguration section */

/* Begin XCConfigurationList section */
		C0D8A3B71F571A0200A204C7 /* Build configuration list for PBXProject "AssignmentOne" */ = {
			isa = XCConfigurationList;
			buildConfigurations = (
				C0D8A3E71F571A0200A204C7 /* Debug */,
				C0D8A3E81F571A0200A204C7 /* Release */,
			);
			defaultConfigurationIsVisible = 0;
			defaultConfigurationName = Release;
		};
		C0D8A3E91F571A0200A204C7 /* Build configuration list for PBXNativeTarget "AssignmentOne" */ = {
			isa = XCConfigurationList;
			buildConfigurations = (
				C0D8A3EA1F571A0200A204C7 /* Debug */,
				C0D8A3EB1F571A0200A204C7 /* Release */,
			);
			defaultConfigurationIsVisible = 0;
		};
		C0D8A3EC1F571A0200A204C7 /* Build configuration list for PBXNativeTarget "AssignmentOneTests" */ = {
			isa = XCConfigurationList;
			buildConfigurations = (
				C0D8A3ED1F571A0200A204C7 /* Debug */,
				C0D8A3EE1F571A0200A204C7 /* Release */,
			);
			defaultConfigurationIsVisible = 0;
		};
		C0D8A3EF1F571A0200A204C7 /* Build configuration list for PBXNativeTarget "AssignmentOneUITests" */ = {
			isa = XCConfigurationList;
			buildConfigurations = (
				C0D8A3F01F571A0200A204C7 /* Debug */,
				C0D8A3F11F571A0200A204C7 /* Release */,
			);
			defaultConfigurationIsVisible = 0;
		};
/* End XCConfigurationList section */
	};
	rootObject = C0D8A3B41F571A0200A204C7 /* Project object */;
}
